
Microsoft Visual Studio Solution File, Format Version 12.00
# Visual Studio Version 17
VisualStudioVersion = 17.8.34302.71
MinimumVisualStudioVersion = 10.0.40219.1
Project("{9A19103F-16F7-4668-BE54-9A1E7A4F7556}") = "Lovelace.UserManagerAPI", "Lovelace.UserManagerAPI.csproj", "{B01706A4-8691-466E-8072-0D6F3B9AB8F3}"
EndProject
Project("{FAE04EC0-301F-11D3-BF4B-00C04F79EFBC}") = "Lovelace.WebApp.MVC", "..\Lovelace.WebApp.MVC\Lovelace.WebApp.MVC.csproj", "{B83CC95B-0E23-443D-98CF-D44017C79A4C}"
EndProject
Global
	GlobalSection(SolutionConfigurationPlatforms) = preSolution
		Debug|Any CPU = Debug|Any CPU
		Release|Any CPU = Release|Any CPU
	EndGlobalSection
	GlobalSection(ProjectConfigurationPlatforms) = postSolution
		{B01706A4-8691-466E-8072-0D6F3B9AB8F3}.Debug|Any CPU.ActiveCfg = Debug|Any CPU
		{B01706A4-8691-466E-8072-0D6F3B9AB8F3}.Debug|Any CPU.Build.0 = Debug|Any CPU
		{B01706A4-8691-466E-8072-0D6F3B9AB8F3}.Release|Any CPU.ActiveCfg = Release|Any CPU
		{B01706A4-8691-466E-8072-0D6F3B9AB8F3}.Release|Any CPU.Build.0 = Release|Any CPU
		{B83CC95B-0E23-443D-98CF-D44017C79A4C}.Debug|Any CPU.ActiveCfg = Debug|Any CPU
		{B83CC95B-0E23-443D-98CF-D44017C79A4C}.Debug|Any CPU.Build.0 = Debug|Any CPU
		{B83CC95B-0E23-443D-98CF-D44017C79A4C}.Release|Any CPU.ActiveCfg = Release|Any CPU
		{B83CC95B-0E23-443D-98CF-D44017C79A4C}.Release|Any CPU.Build.0 = Release|Any CPU
	EndGlobalSection
	GlobalSection(SolutionProperties) = preSolution
		HideSolutionNode = FALSE
	EndGlobalSection
	GlobalSection(ExtensibilityGlobals) = postSolution
		SolutionGuid = {9187E38C-5C76-4797-AAD2-F346C091A669}
	EndGlobalSection
EndGlobal
